// !$*UTF8*$!
{
	archiveVersion = 1;
	classes = {
	};
	objectVersion = 56;
	objects = {

/* Begin PBXBuildFile section */
		AB21BFB62C66079F0033D08A /* AppDelegate.swift in Sources */ = {isa = PBXBuildFile; fileRef = AB21BFB52C66079F0033D08A /* AppDelegate.swift */; };
		AB21BFB82C66079F0033D08A /* SceneDelegate.swift in Sources */ = {isa = PBXBuildFile; fileRef = AB21BFB72C66079F0033D08A /* SceneDelegate.swift */; };
		AB21BFBA2C66079F0033D08A /* HomeViewController.swift in Sources */ = {isa = PBXBuildFile; fileRef = AB21BFB92C66079F0033D08A /* HomeViewController.swift */; };
		AB21BFBD2C66079F0033D08A /* Base in Resources */ = {isa = PBXBuildFile; fileRef = AB21BFBC2C66079F0033D08A /* Base */; };
		AB21BFBF2C6607A20033D08A /* Assets.xcassets in Resources */ = {isa = PBXBuildFile; fileRef = AB21BFBE2C6607A20033D08A /* Assets.xcassets */; };
		AB21BFC22C6607A20033D08A /* Base in Resources */ = {isa = PBXBuildFile; fileRef = AB21BFC12C6607A20033D08A /* Base */; };
		AB21BFCB2C664D5F0033D08A /* SnapKit in Frameworks */ = {isa = PBXBuildFile; productRef = AB21BFCA2C664D5F0033D08A /* SnapKit */; };
		AB21BFCF2C664F150033D08A /* RegisterView.storyboard in Resources */ = {isa = PBXBuildFile; fileRef = AB21BFCE2C664F150033D08A /* RegisterView.storyboard */; };
/* End PBXBuildFile section */

/* Begin PBXFileReference section */
		AB21BFB22C66079F0033D08A /* hwProject.app */ = {isa = PBXFileReference; explicitFileType = wrapper.application; includeInIndex = 0; path = hwProject.app; sourceTree = BUILT_PRODUCTS_DIR; };
		AB21BFB52C66079F0033D08A /* AppDelegate.swift */ = {isa = PBXFileReference; lastKnownFileType = sourcecode.swift; path = AppDelegate.swift; sourceTree = "<group>"; };
		AB21BFB72C66079F0033D08A /* SceneDelegate.swift */ = {isa = PBXFileReference; lastKnownFileType = sourcecode.swift; path = SceneDelegate.swift; sourceTree = "<group>"; };
		AB21BFB92C66079F0033D08A /* HomeViewController.swift */ = {isa = PBXFileReference; lastKnownFileType = sourcecode.swift; path = HomeViewController.swift; sourceTree = "<group>"; };
		AB21BFBC2C66079F0033D08A /* Base */ = {isa = PBXFileReference; lastKnownFileType = file.storyboard; name = Base; path = Base.lproj/HomeView.storyboard; sourceTree = "<group>"; };
		AB21BFBE2C6607A20033D08A /* Assets.xcassets */ = {isa = PBXFileReference; lastKnownFileType = folder.assetcatalog; path = Assets.xcassets; sourceTree = "<group>"; };
		AB21BFC12C6607A20033D08A /* Base */ = {isa = PBXFileReference; lastKnownFileType = file.storyboard; name = Base; path = Base.lproj/LaunchScreen.storyboard; sourceTree = "<group>"; };
		AB21BFC32C6607A20033D08A /* Info.plist */ = {isa = PBXFileReference; lastKnownFileType = text.plist.xml; path = Info.plist; sourceTree = "<group>"; };
		AB21BFCE2C664F150033D08A /* RegisterView.storyboard */ = {isa = PBXFileReference; lastKnownFileType = file.storyboard; path = RegisterView.storyboard; sourceTree = "<group>"; };
/* End PBXFileReference section */

/* Begin PBXFrameworksBuildPhase section */
		AB21BFAF2C66079F0033D08A /* Frameworks */ = {
			isa = PBXFrameworksBuildPhase;
			buildActionMask = 2147483647;
			files = (
				AB21BFCB2C664D5F0033D08A /* SnapKit in Frameworks */,
			);
			runOnlyForDeploymentPostprocessing = 0;
		};
/* End PBXFrameworksBuildPhase section */

/* Begin PBXGroup section */
		AB21BFA92C66079F0033D08A = {
			isa = PBXGroup;
			children = (
				AB21BFB42C66079F0033D08A /* hwProject */,
				AB21BFB32C66079F0033D08A /* Products */,
			);
			sourceTree = "<group>";
		};
		AB21BFB32C66079F0033D08A /* Products */ = {
			isa = PBXGroup;
			children = (
				AB21BFB22C66079F0033D08A /* hwProject.app */,
			);
			name = Products;
			sourceTree = "<group>";
		};
		AB21BFB42C66079F0033D08A /* hwProject */ = {
			isa = PBXGroup;
			children = (
				AB21BFB52C66079F0033D08A /* AppDelegate.swift */,
				AB21BFB72C66079F0033D08A /* SceneDelegate.swift */,
				AB21BFCC2C664EE10033D08A /* ViewController */,
				AB21BFCD2C664EEA0033D08A /* View */,
				AB21BFBE2C6607A20033D08A /* Assets.xcassets */,
				AB21BFC02C6607A20033D08A /* LaunchScreen.storyboard */,
				AB21BFC32C6607A20033D08A /* Info.plist */,
			);
			path = hwProject;
			sourceTree = "<group>";
		};
		AB21BFCC2C664EE10033D08A /* ViewController */ = {
			isa = PBXGroup;
			children = (
				AB21BFB92C66079F0033D08A /* HomeViewController.swift */,
			);
			path = ViewController;
			sourceTree = "<group>";
		};
		AB21BFCD2C664EEA0033D08A /* View */ = {
			isa = PBXGroup;
			children = (
				AB21BFBB2C66079F0033D08A /* HomeView.storyboard */,
				AB21BFCE2C664F150033D08A /* RegisterView.storyboard */,
			);
			path = View;
			sourceTree = "<group>";
		};
/* End PBXGroup section */

/* Begin PBXNativeTarget section */
		AB21BFB12C66079F0033D08A /* hwProject */ = {
			isa = PBXNativeTarget;
			buildConfigurationList = AB21BFC62C6607A20033D08A /* Build configuration list for PBXNativeTarget "hwProject" */;
			buildPhases = (
				AB21BFAE2C66079F0033D08A /* Sources */,
				AB21BFAF2C66079F0033D08A /* Frameworks */,
				AB21BFB02C66079F0033D08A /* Resources */,
			);
			buildRules = (
			);
			dependencies = (
			);
			name = hwProject;
			packageProductDependencies = (
				AB21BFCA2C664D5F0033D08A /* SnapKit */,
			);
			productName = hwProject;
			productReference = AB21BFB22C66079F0033D08A /* hwProject.app */;
			productType = "com.apple.product-type.application";
		};
/* End PBXNativeTarget section */

/* Begin PBXProject section */
		AB21BFAA2C66079F0033D08A /* Project object */ = {
			isa = PBXProject;
			attributes = {
				BuildIndependentTargetsInParallel = 1;
				LastSwiftUpdateCheck = 1540;
				LastUpgradeCheck = 1540;
				TargetAttributes = {
					AB21BFB12C66079F0033D08A = {
						CreatedOnToolsVersion = 15.4;
					};
				};
			};
			buildConfigurationList = AB21BFAD2C66079F0033D08A /* Build configuration list for PBXProject "hwProject" */;
			compatibilityVersion = "Xcode 14.0";
			developmentRegion = en;
			hasScannedForEncodings = 0;
			knownRegions = (
				en,
				Base,
			);
			mainGroup = AB21BFA92C66079F0033D08A;
			packageReferences = (
				AB21BFC92C664D5F0033D08A /* XCRemoteSwiftPackageReference "SnapKit" */,
			);
			productRefGroup = AB21BFB32C66079F0033D08A /* Products */;
			projectDirPath = "";
			projectRoot = "";
			targets = (
				AB21BFB12C66079F0033D08A /* hwProject */,
			);
		};
/* End PBXProject section */

/* Begin PBXResourcesBuildPhase section */
		AB21BFB02C66079F0033D08A /* Resources */ = {
			isa = PBXResourcesBuildPhase;
			buildActionMask = 2147483647;
			files = (
				AB21BFBF2C6607A20033D08A /* Assets.xcassets in Resources */,
				AB21BFC22C6607A20033D08A /* Base in Resources */,
				AB21BFCF2C664F150033D08A /* RegisterView.storyboard in Resources */,
				AB21BFBD2C66079F0033D08A /* Base in Resources */,
			);
			runOnlyForDeploymentPostprocessing = 0;
		};
/* End PBXResourcesBuildPhase section */

/* Begin PBXSourcesBuildPhase section */
		AB21BFAE2C66079F0033D08A /* Sources */ = {
			isa = PBXSourcesBuildPhase;
			buildActionMask = 2147483647;
			files = (
				AB21BFBA2C66079F0033D08A /* HomeViewController.swift in Sources */,
				AB21BFB62C66079F0033D08A /* AppDelegate.swift in Sources */,
				AB21BFB82C66079F0033D08A /* SceneDelegate.swift in Sources */,
			);
			runOnlyForDeploymentPostprocessing = 0;
		};
/* End PBXSourcesBuildPhase section */

/* Begin PBXVariantGroup section */
		AB21BFBB2C66079F0033D08A /* HomeView.storyboard */ = {
			isa = PBXVariantGroup;
			children = (
				AB21BFBC2C66079F0033D08A /* Base */,
			);
			name = HomeView.storyboard;
			sourceTree = "<group>";
		};
		AB21BFC02C6607A20033D08A /* LaunchScreen.storyboard */ = {
			isa = PBXVariantGroup;
			children = (
				AB21BFC12C6607A20033D08A /* Base */,
			);
			name = LaunchScreen.storyboard;
			sourceTree = "<group>";
		};
/* End PBXVariantGroup section */

/* Begin XCBuildConfiguration section */
		AB21BFC42C6607A20033D08A /* Debug */ = {
			isa = XCBuildConfiguration;
			buildSettings = {
				ALWAYS_SEARCH_USER_PATHS = NO;
				ASSETCATALOG_COMPILER_GENERATE_SWIFT_ASSET_SYMBOL_EXTENSIONS = YES;
				CLANG_ANALYZER_NONNULL = YES;
				CLANG_ANALYZER_NUMBER_OBJECT_CONVERSION = YES_AGGRESSIVE;
				CLANG_CXX_LANGUAGE_STANDARD = "gnu++20";
				CLANG_ENABLE_MODULES = YES;
				CLANG_ENABLE_OBJC_ARC = YES;
				CLANG_ENABLE_OBJC_WEAK = YES;
				CLANG_WARN_BLOCK_CAPTURE_AUTORELEASING = YES;
				CLANG_WARN_BOOL_CONVERSION = YES;
				CLANG_WARN_COMMA = YES;
				CLANG_WARN_CONSTANT_CONVERSION = YES;
				CLANG_WARN_DEPRECATED_OBJC_IMPLEMENTATIONS = YES;
				CLANG_WARN_DIRECT_OBJC_ISA_USAGE = YES_ERROR;
				CLANG_WARN_DOCUMENTATION_COMMENTS = YES;
				CLANG_WARN_EMPTY_BODY = YES;
				CLANG_WARN_ENUM_CONVERSION = YES;
				CLANG_WARN_INFINITE_RECURSION = YES;
				CLANG_WARN_INT_CONVERSION = YES;
				CLANG_WARN_NON_LITERAL_NULL_CONVERSION = YES;
				CLANG_WARN_OBJC_IMPLICIT_RETAIN_SELF = YES;
				CLANG_WARN_OBJC_LITERAL_CONVERSION = YES;
				CLANG_WARN_OBJC_ROOT_CLASS = YES_ERROR;
				CLANG_WARN_QUOTED_INCLUDE_IN_FRAMEWORK_HEADER = YES;
				CLANG_WARN_RANGE_LOOP_ANALYSIS = YES;
				CLANG_WARN_STRICT_PROTOTYPES = YES;
				CLANG_WARN_SUSPICIOUS_MOVE = YES;
				CLANG_WARN_UNGUARDED_AVAILABILITY = YES_AGGRESSIVE;
				CLANG_WARN_UNREACHABLE_CODE = YES;
				CLANG_WARN__DUPLICATE_METHOD_MATCH = YES;
				COPY_PHASE_STRIP = NO;
				DEBUG_INFORMATION_FORMAT = dwarf;
				ENABLE_STRICT_OBJC_MSGSEND = YES;
				ENABLE_TESTABILITY = YES;
				ENABLE_USER_SCRIPT_SANDBOXING = YES;
				GCC_C_LANGUAGE_STANDARD = gnu17;
				GCC_DYNAMIC_NO_PIC = NO;
				GCC_NO_COMMON_BLOCKS = YES;
				GCC_OPTIMIZATION_LEVEL = 0;
				GCC_PREPROCESSOR_DEFINITIONS = (
					"DEBUG=1",
					"$(inherited)",
				);
				GCC_WARN_64_TO_32_BIT_CONVERSION = YES;
				GCC_WARN_ABOUT_RETURN_TYPE = YES_ERROR;
				GCC_WARN_UNDECLARED_SELECTOR = YES;
				GCC_WARN_UNINITIALIZED_AUTOS = YES_AGGRESSIVE;
				GCC_WARN_UNUSED_FUNCTION = YES;
				GCC_WARN_UNUSED_VARIABLE = YES;
				IPHONEOS_DEPLOYMENT_TARGET = 17.5;
				LOCALIZATION_PREFERS_STRING_CATALOGS = YES;
				MTL_ENABLE_DEBUG_INFO = INCLUDE_SOURCE;
				MTL_FAST_MATH = YES;
				ONLY_ACTIVE_ARCH = YES;
				SDKROOT = iphoneos;
				SWIFT_ACTIVE_COMPILATION_CONDITIONS = "DEBUG $(inherited)";
				SWIFT_OPTIMIZATION_LEVEL = "-Onone";
			};
			name = Debug;
		};
		AB21BFC52C6607A20033D08A /* Release */ = {
			isa = XCBuildConfiguration;
			buildSettings = {
				ALWAYS_SEARCH_USER_PATHS = NO;
				ASSETCATALOG_COMPILER_GENERATE_SWIFT_ASSET_SYMBOL_EXTENSIONS = YES;
				CLANG_ANALYZER_NONNULL = YES;
				CLANG_ANALYZER_NUMBER_OBJECT_CONVERSION = YES_AGGRESSIVE;
				CLANG_CXX_LANGUAGE_STANDARD = "gnu++20";
				CLANG_ENABLE_MODULES = YES;
				CLANG_ENABLE_OBJC_ARC = YES;
				CLANG_ENABLE_OBJC_WEAK = YES;
				CLANG_WARN_BLOCK_CAPTURE_AUTORELEASING = YES;
				CLANG_WARN_BOOL_CONVERSION = YES;
				CLANG_WARN_COMMA = YES;
				CLANG_WARN_CONSTANT_CONVERSION = YES;
				CLANG_WARN_DEPRECATED_OBJC_IMPLEMENTATIONS = YES;
				CLANG_WARN_DIRECT_OBJC_ISA_USAGE = YES_ERROR;
				CLANG_WARN_DOCUMENTATION_COMMENTS = YES;
				CLANG_WARN_EMPTY_BODY = YES;
				CLANG_WARN_ENUM_CONVERSION = YES;
				CLANG_WARN_INFINITE_RECURSION = YES;
				CLANG_WARN_INT_CONVERSION = YES;
				CLANG_WARN_NON_LITERAL_NULL_CONVERSION = YES;
				CLANG_WARN_OBJC_IMPLICIT_RETAIN_SELF = YES;
				CLANG_WARN_OBJC_LITERAL_CONVERSION = YES;
				CLANG_WARN_OBJC_ROOT_CLASS = YES_ERROR;
				CLANG_WARN_QUOTED_INCLUDE_IN_FRAMEWORK_HEADER = YES;
				CLANG_WARN_RANGE_LOOP_ANALYSIS = YES;
				CLANG_WARN_STRICT_PROTOTYPES = YES;
				CLANG_WARN_SUSPICIOUS_MOVE = YES;
				CLANG_WARN_UNGUARDED_AVAILABILITY = YES_AGGRESSIVE;
				CLANG_WARN_UNREACHABLE_CODE = YES;
				CLANG_WARN__DUPLICATE_METHOD_MATCH = YES;
				COPY_PHASE_STRIP = NO;
				DEBUG_INFORMATION_FORMAT = "dwarf-with-dsym";
				ENABLE_NS_ASSERTIONS = NO;
				ENABLE_STRICT_OBJC_MSGSEND = YES;
				ENABLE_USER_SCRIPT_SANDBOXING = YES;
				GCC_C_LANGUAGE_STANDARD = gnu17;
				GCC_NO_COMMON_BLOCKS = YES;
				GCC_WARN_64_TO_32_BIT_CONVERSION = YES;
				GCC_WARN_ABOUT_RETURN_TYPE = YES_ERROR;
				GCC_WARN_UNDECLARED_SELECTOR = YES;
				GCC_WARN_UNINITIALIZED_AUTOS = YES_AGGRESSIVE;
				GCC_WARN_UNUSED_FUNCTION = YES;
				GCC_WARN_UNUSED_VARIABLE = YES;
				IPHONEOS_DEPLOYMENT_TARGET = 17.5;
				LOCALIZATION_PREFERS_STRING_CATALOGS = YES;
				MTL_ENABLE_DEBUG_INFO = NO;
				MTL_FAST_MATH = YES;
				SDKROOT = iphoneos;
				SWIFT_COMPILATION_MODE = wholemodule;
				VALIDATE_PRODUCT = YES;
			};
			name = Release;
		};
		AB21BFC72C6607A20033D08A /* Debug */ = {
			isa = XCBuildConfiguration;
			buildSettings = {
				ASSETCATALOG_COMPILER_APPICON_NAME = AppIcon;
				ASSETCATALOG_COMPILER_GLOBAL_ACCENT_COLOR_NAME = AccentColor;
				CODE_SIGN_STYLE = Automatic;
				CURRENT_PROJECT_VERSION = 1;
				GENERATE_INFOPLIST_FILE = YES;
				INFOPLIST_FILE = hwProject/Info.plist;
				INFOPLIST_KEY_UIApplicationSupportsIndirectInputEvents = YES;
				INFOPLIST_KEY_UILaunchStoryboardName = LaunchScreen;
				INFOPLIST_KEY_UIMainStoryboardFile = Main;
				INFOPLIST_KEY_UISupportedInterfaceOrientations_iPad = "UIInterfaceOrientationPortrait UIInterfaceOrientationPortraitUpsideDown UIInterfaceOrientationLandscapeLeft UIInterfaceOrientationLandscapeRight";
				INFOPLIST_KEY_UISupportedInterfaceOrientations_iPhone = "UIInterfaceOrientationPortrait UIInterfaceOrientationLandscapeLeft UIInterfaceOrientationLandscapeRight";
				LD_RUNPATH_SEARCH_PATHS = (
					"$(inherited)",
					"@executable_path/Frameworks",
				);
				MARKETING_VERSION = 1.0;
				PRODUCT_BUNDLE_IDENTIFIER = com.hee.hwProject;
				PRODUCT_NAME = "$(TARGET_NAME)";
				SWIFT_EMIT_LOC_STRINGS = YES;
				SWIFT_VERSION = 5.0;
				TARGETED_DEVICE_FAMILY = "1,2";
			};
			name = Debug;
		};
		AB21BFC82C6607A20033D08A /* Release */ = {
			isa = XCBuildConfiguration;
			buildSettings = {
				ASSETCATALOG_COMPILER_APPICON_NAME = AppIcon;
				ASSETCATALOG_COMPILER_GLOBAL_ACCENT_COLOR_NAME = AccentColor;
				CODE_SIGN_STYLE = Automatic;
				CURRENT_PROJECT_VERSION = 1;
				GENERATE_INFOPLIST_FILE = YES;
				INFOPLIST_FILE = hwProject/Info.plist;
				INFOPLIST_KEY_UIApplicationSupportsIndirectInputEvents = YES;
				INFOPLIST_KEY_UILaunchStoryboardName = LaunchScreen;
				INFOPLIST_KEY_UIMainStoryboardFile = Main;
				INFOPLIST_KEY_UISupportedInterfaceOrientations_iPad = "UIInterfaceOrientationPortrait UIInterfaceOrientationPortraitUpsideDown UIInterfaceOrientationLandscapeLeft UIInterfaceOrientationLandscapeRight";
				INFOPLIST_KEY_UISupportedInterfaceOrientations_iPhone = "UIInterfaceOrientationPortrait UIInterfaceOrientationLandscapeLeft UIInterfaceOrientationLandscapeRight";
				LD_RUNPATH_SEARCH_PATHS = (
					"$(inherited)",
					"@executable_path/Frameworks",
				);
				MARKETING_VERSION = 1.0;
				PRODUCT_BUNDLE_IDENTIFIER = com.hee.hwProject;
				PRODUCT_NAME = "$(TARGET_NAME)";
				SWIFT_EMIT_LOC_STRINGS = YES;
				SWIFT_VERSION = 5.0;
				TARGETED_DEVICE_FAMILY = "1,2";
			};
			name = Release;
		};
/* End XCBuildConfiguration section */

/* Begin XCConfigurationList section */
		AB21BFAD2C66079F0033D08A /* Build configuration list for PBXProject "hwProject" */ = {
			isa = XCConfigurationList;
			buildConfigurations = (
				AB21BFC42C6607A20033D08A /* Debug */,
				AB21BFC52C6607A20033D08A /* Release */,
			);
			defaultConfigurationIsVisible = 0;
			defaultConfigurationName = Release;
		};
		AB21BFC62C6607A20033D08A /* Build configuration list for PBXNativeTarget "hwProject" */ = {
			isa = XCConfigurationList;
			buildConfigurations = (
				AB21BFC72C6607A20033D08A /* Debug */,
				AB21BFC82C6607A20033D08A /* Release */,
			);
			defaultConfigurationIsVisible = 0;
			defaultConfigurationName = Release;
		};
/* End XCConfigurationList section */

/* Begin XCRemoteSwiftPackageReference section */
		AB21BFC92C664D5F0033D08A /* XCRemoteSwiftPackageReference "SnapKit" */ = {
			isa = XCRemoteSwiftPackageReference;
			repositoryURL = "https://github.com/SnapKit/SnapKit.git";
			requirement = {
				kind = upToNextMajorVersion;
				minimumVersion = 5.7.1;
			};
		};
/* End XCRemoteSwiftPackageReference section */

/* Begin XCSwiftPackageProductDependency section */
		AB21BFCA2C664D5F0033D08A /* SnapKit */ = {
			isa = XCSwiftPackageProductDependency;
			package = AB21BFC92C664D5F0033D08A /* XCRemoteSwiftPackageReference "SnapKit" */;
			productName = SnapKit;
		};
/* End XCSwiftPackageProductDependency section */
	};
	rootObject = AB21BFAA2C66079F0033D08A /* Project object */;
}
